// !$*UTF8*$!
{
	archiveVersion = 1;
	classes = {
	};
	objectVersion = 48;
	objects = {

/* Begin PBXBuildFile section */
		9340B631205BF61E00785BFE /* GameStateCalculator.swift in Sources */ = {isa = PBXBuildFile; fileRef = 9340B630205BF61E00785BFE /* GameStateCalculator.swift */; };
		9340B634205C13F300785BFE /* GridTests.swift in Sources */ = {isa = PBXBuildFile; fileRef = 9340B633205C13F300785BFE /* GridTests.swift */; };
		9340B636205C2A7E00785BFE /* Strike.swift in Sources */ = {isa = PBXBuildFile; fileRef = 9340B635205C2A7E00785BFE /* Strike.swift */; };
		934DAF4D205D60760079C284 /* TicTacToeUITests.swift in Sources */ = {isa = PBXBuildFile; fileRef = 934DAF4C205D60760079C284 /* TicTacToeUITests.swift */; };
		934DAF55205DBE0A0079C284 /* String+Extension.swift in Sources */ = {isa = PBXBuildFile; fileRef = 934DAF54205DBE0A0079C284 /* String+Extension.swift */; };
		938C2BF8205D276E00911CF8 /* LineView.swift in Sources */ = {isa = PBXBuildFile; fileRef = 938C2BF7205D276E00911CF8 /* LineView.swift */; };
		93D38CE32059E1B100B75739 /* AppDelegate.swift in Sources */ = {isa = PBXBuildFile; fileRef = 93D38CE22059E1B100B75739 /* AppDelegate.swift */; };
		93D38CE52059E1B100B75739 /* ViewController.swift in Sources */ = {isa = PBXBuildFile; fileRef = 93D38CE42059E1B100B75739 /* ViewController.swift */; };
		93D38CE82059E1B100B75739 /* Main.storyboard in Resources */ = {isa = PBXBuildFile; fileRef = 93D38CE62059E1B100B75739 /* Main.storyboard */; };
		93D38CEA2059E1B100B75739 /* Assets.xcassets in Resources */ = {isa = PBXBuildFile; fileRef = 93D38CE92059E1B100B75739 /* Assets.xcassets */; };
		93D38CED2059E1B100B75739 /* LaunchScreen.storyboard in Resources */ = {isa = PBXBuildFile; fileRef = 93D38CEB2059E1B100B75739 /* LaunchScreen.storyboard */; };
		93D38CF82059E1B100B75739 /* ViewControllerTests.swift in Sources */ = {isa = PBXBuildFile; fileRef = 93D38CF72059E1B100B75739 /* ViewControllerTests.swift */; };
		93D38D03205A4AC600B75739 /* DesignableButton.swift in Sources */ = {isa = PBXBuildFile; fileRef = 93D38D02205A4AC600B75739 /* DesignableButton.swift */; };
		93D38D07205AA11800B75739 /* Game.swift in Sources */ = {isa = PBXBuildFile; fileRef = 93D38D06205AA11800B75739 /* Game.swift */; };
		93D38D09205AA20200B75739 /* Turn.swift in Sources */ = {isa = PBXBuildFile; fileRef = 93D38D08205AA20200B75739 /* Turn.swift */; };
		93D38D0B205AA2AA00B75739 /* GameTests.swift in Sources */ = {isa = PBXBuildFile; fileRef = 93D38D0A205AA2AA00B75739 /* GameTests.swift */; };
		93D38D0D205AA52B00B75739 /* Position.swift in Sources */ = {isa = PBXBuildFile; fileRef = 93D38D0C205AA52B00B75739 /* Position.swift */; };
		93D38D0F205AA6D000B75739 /* Grid.swift in Sources */ = {isa = PBXBuildFile; fileRef = 93D38D0E205AA6D000B75739 /* Grid.swift */; };
/* End PBXBuildFile section */

/* Begin PBXContainerItemProxy section */
		934DAF4F205D60760079C284 /* PBXContainerItemProxy */ = {
			isa = PBXContainerItemProxy;
			containerPortal = 93D38CD72059E1B100B75739 /* Project object */;
			proxyType = 1;
			remoteGlobalIDString = 93D38CDE2059E1B100B75739;
			remoteInfo = TicTacToe;
		};
		93D38CF42059E1B100B75739 /* PBXContainerItemProxy */ = {
			isa = PBXContainerItemProxy;
			containerPortal = 93D38CD72059E1B100B75739 /* Project object */;
			proxyType = 1;
			remoteGlobalIDString = 93D38CDE2059E1B100B75739;
			remoteInfo = TicTacToe;
		};
/* End PBXContainerItemProxy section */

/* Begin PBXFileReference section */
		9340B630205BF61E00785BFE /* GameStateCalculator.swift */ = {isa = PBXFileReference; lastKnownFileType = sourcecode.swift; path = GameStateCalculator.swift; sourceTree = "<group>"; };
		9340B633205C13F300785BFE /* GridTests.swift */ = {isa = PBXFileReference; lastKnownFileType = sourcecode.swift; path = GridTests.swift; sourceTree = "<group>"; };
		9340B635205C2A7E00785BFE /* Strike.swift */ = {isa = PBXFileReference; lastKnownFileType = sourcecode.swift; path = Strike.swift; sourceTree = "<group>"; };
		934DAF4A205D60760079C284 /* TicTacToeUITests.xctest */ = {isa = PBXFileReference; explicitFileType = wrapper.cfbundle; includeInIndex = 0; path = TicTacToeUITests.xctest; sourceTree = BUILT_PRODUCTS_DIR; };
		934DAF4C205D60760079C284 /* TicTacToeUITests.swift */ = {isa = PBXFileReference; lastKnownFileType = sourcecode.swift; path = TicTacToeUITests.swift; sourceTree = "<group>"; };
		934DAF4E205D60760079C284 /* Info.plist */ = {isa = PBXFileReference; lastKnownFileType = text.plist.xml; path = Info.plist; sourceTree = "<group>"; };
		934DAF54205DBE0A0079C284 /* String+Extension.swift */ = {isa = PBXFileReference; lastKnownFileType = sourcecode.swift; path = "String+Extension.swift"; sourceTree = "<group>"; };
		938C2BF7205D276E00911CF8 /* LineView.swift */ = {isa = PBXFileReference; lastKnownFileType = sourcecode.swift; path = LineView.swift; sourceTree = "<group>"; };
		93D38CDF2059E1B100B75739 /* TicTacToe.app */ = {isa = PBXFileReference; explicitFileType = wrapper.application; includeInIndex = 0; path = TicTacToe.app; sourceTree = BUILT_PRODUCTS_DIR; };
		93D38CE22059E1B100B75739 /* AppDelegate.swift */ = {isa = PBXFileReference; lastKnownFileType = sourcecode.swift; path = AppDelegate.swift; sourceTree = "<group>"; };
		93D38CE42059E1B100B75739 /* ViewController.swift */ = {isa = PBXFileReference; lastKnownFileType = sourcecode.swift; path = ViewController.swift; sourceTree = "<group>"; };
		93D38CE72059E1B100B75739 /* Base */ = {isa = PBXFileReference; lastKnownFileType = file.storyboard; name = Base; path = Base.lproj/Main.storyboard; sourceTree = "<group>"; };
		93D38CE92059E1B100B75739 /* Assets.xcassets */ = {isa = PBXFileReference; lastKnownFileType = folder.assetcatalog; path = Assets.xcassets; sourceTree = "<group>"; };
		93D38CEC2059E1B100B75739 /* Base */ = {isa = PBXFileReference; lastKnownFileType = file.storyboard; name = Base; path = Base.lproj/LaunchScreen.storyboard; sourceTree = "<group>"; };
		93D38CEE2059E1B100B75739 /* Info.plist */ = {isa = PBXFileReference; lastKnownFileType = text.plist.xml; path = Info.plist; sourceTree = "<group>"; };
		93D38CF32059E1B100B75739 /* TicTacToeTests.xctest */ = {isa = PBXFileReference; explicitFileType = wrapper.cfbundle; includeInIndex = 0; path = TicTacToeTests.xctest; sourceTree = BUILT_PRODUCTS_DIR; };
		93D38CF72059E1B100B75739 /* ViewControllerTests.swift */ = {isa = PBXFileReference; lastKnownFileType = sourcecode.swift; path = ViewControllerTests.swift; sourceTree = "<group>"; };
		93D38CF92059E1B100B75739 /* Info.plist */ = {isa = PBXFileReference; lastKnownFileType = text.plist.xml; path = Info.plist; sourceTree = "<group>"; };
		93D38D02205A4AC600B75739 /* DesignableButton.swift */ = {isa = PBXFileReference; lastKnownFileType = sourcecode.swift; path = DesignableButton.swift; sourceTree = "<group>"; };
		93D38D06205AA11800B75739 /* Game.swift */ = {isa = PBXFileReference; lastKnownFileType = sourcecode.swift; path = Game.swift; sourceTree = "<group>"; };
		93D38D08205AA20200B75739 /* Turn.swift */ = {isa = PBXFileReference; lastKnownFileType = sourcecode.swift; path = Turn.swift; sourceTree = "<group>"; };
		93D38D0A205AA2AA00B75739 /* GameTests.swift */ = {isa = PBXFileReference; lastKnownFileType = sourcecode.swift; path = GameTests.swift; sourceTree = "<group>"; };
		93D38D0C205AA52B00B75739 /* Position.swift */ = {isa = PBXFileReference; lastKnownFileType = sourcecode.swift; path = Position.swift; sourceTree = "<group>"; };
		93D38D0E205AA6D000B75739 /* Grid.swift */ = {isa = PBXFileReference; lastKnownFileType = sourcecode.swift; path = Grid.swift; sourceTree = "<group>"; };
/* End PBXFileReference section */

/* Begin PBXFrameworksBuildPhase section */
		934DAF47205D60760079C284 /* Frameworks */ = {
			isa = PBXFrameworksBuildPhase;
			buildActionMask = 2147483647;
			files = (
			);
			runOnlyForDeploymentPostprocessing = 0;
		};
		93D38CDC2059E1B100B75739 /* Frameworks */ = {
			isa = PBXFrameworksBuildPhase;
			buildActionMask = 2147483647;
			files = (
			);
			runOnlyForDeploymentPostprocessing = 0;
		};
		93D38CF02059E1B100B75739 /* Frameworks */ = {
			isa = PBXFrameworksBuildPhase;
			buildActionMask = 2147483647;
			files = (
			);
			runOnlyForDeploymentPostprocessing = 0;
		};
/* End PBXFrameworksBuildPhase section */

/* Begin PBXGroup section */
		9340B632205BF68E00785BFE /* Model */ = {
			isa = PBXGroup;
			children = (
				93D38D06205AA11800B75739 /* Game.swift */,
				93D38D08205AA20200B75739 /* Turn.swift */,
				93D38D0C205AA52B00B75739 /* Position.swift */,
				93D38D0E205AA6D000B75739 /* Grid.swift */,
				9340B630205BF61E00785BFE /* GameStateCalculator.swift */,
				9340B635205C2A7E00785BFE /* Strike.swift */,
			);
			path = Model;
			sourceTree = "<group>";
		};
		934DAF4B205D60760079C284 /* TicTacToeUITests */ = {
			isa = PBXGroup;
			children = (
				934DAF4C205D60760079C284 /* TicTacToeUITests.swift */,
				934DAF4E205D60760079C284 /* Info.plist */,
			);
			path = TicTacToeUITests;
			sourceTree = "<group>";
		};
		93D38CD62059E1B100B75739 = {
			isa = PBXGroup;
			children = (
				93D38CE12059E1B100B75739 /* TicTacToe */,
				93D38CF62059E1B100B75739 /* TicTacToeTests */,
				934DAF4B205D60760079C284 /* TicTacToeUITests */,
				93D38CE02059E1B100B75739 /* Products */,
			);
			sourceTree = "<group>";
		};
		93D38CE02059E1B100B75739 /* Products */ = {
			isa = PBXGroup;
			children = (
				93D38CDF2059E1B100B75739 /* TicTacToe.app */,
				93D38CF32059E1B100B75739 /* TicTacToeTests.xctest */,
				934DAF4A205D60760079C284 /* TicTacToeUITests.xctest */,
			);
			name = Products;
			sourceTree = "<group>";
		};
		93D38CE12059E1B100B75739 /* TicTacToe */ = {
			isa = PBXGroup;
			children = (
				93D38CE22059E1B100B75739 /* AppDelegate.swift */,
				93D38CE42059E1B100B75739 /* ViewController.swift */,
				93D38CE62059E1B100B75739 /* Main.storyboard */,
				93D38CE92059E1B100B75739 /* Assets.xcassets */,
				93D38CEB2059E1B100B75739 /* LaunchScreen.storyboard */,
				93D38CEE2059E1B100B75739 /* Info.plist */,
				93D38D02205A4AC600B75739 /* DesignableButton.swift */,
				938C2BF7205D276E00911CF8 /* LineView.swift */,
				9340B632205BF68E00785BFE /* Model */,
				934DAF54205DBE0A0079C284 /* String+Extension.swift */,
			);
			path = TicTacToe;
			sourceTree = "<group>";
		};
		93D38CF62059E1B100B75739 /* TicTacToeTests */ = {
			isa = PBXGroup;
			children = (
				93D38CF72059E1B100B75739 /* ViewControllerTests.swift */,
				93D38CF92059E1B100B75739 /* Info.plist */,
				93D38D0A205AA2AA00B75739 /* GameTests.swift */,
				9340B633205C13F300785BFE /* GridTests.swift */,
			);
			path = TicTacToeTests;
			sourceTree = "<group>";
		};
/* End PBXGroup section */

/* Begin PBXNativeTarget section */
		934DAF49205D60760079C284 /* TicTacToeUITests */ = {
			isa = PBXNativeTarget;
			buildConfigurationList = 934DAF53205D60760079C284 /* Build configuration list for PBXNativeTarget "TicTacToeUITests" */;
			buildPhases = (
				934DAF46205D60760079C284 /* Sources */,
				934DAF47205D60760079C284 /* Frameworks */,
				934DAF48205D60760079C284 /* Resources */,
			);
			buildRules = (
			);
			dependencies = (
				934DAF50205D60760079C284 /* PBXTargetDependency */,
			);
			name = TicTacToeUITests;
			productName = TicTacToeUITests;
			productReference = 934DAF4A205D60760079C284 /* TicTacToeUITests.xctest */;
			productType = "com.apple.product-type.bundle.ui-testing";
		};
		93D38CDE2059E1B100B75739 /* TicTacToe */ = {
			isa = PBXNativeTarget;
			buildConfigurationList = 93D38CFC2059E1B100B75739 /* Build configuration list for PBXNativeTarget "TicTacToe" */;
			buildPhases = (
				93D38CDB2059E1B100B75739 /* Sources */,
				93D38CDC2059E1B100B75739 /* Frameworks */,
				93D38CDD2059E1B100B75739 /* Resources */,
			);
			buildRules = (
			);
			dependencies = (
			);
			name = TicTacToe;
			productName = TicTacToe;
			productReference = 93D38CDF2059E1B100B75739 /* TicTacToe.app */;
			productType = "com.apple.product-type.application";
		};
		93D38CF22059E1B100B75739 /* TicTacToeTests */ = {
			isa = PBXNativeTarget;
			buildConfigurationList = 93D38CFF2059E1B100B75739 /* Build configuration list for PBXNativeTarget "TicTacToeTests" */;
			buildPhases = (
				93D38CEF2059E1B100B75739 /* Sources */,
				93D38CF02059E1B100B75739 /* Frameworks */,
				93D38CF12059E1B100B75739 /* Resources */,
			);
			buildRules = (
			);
			dependencies = (
				93D38CF52059E1B100B75739 /* PBXTargetDependency */,
			);
			name = TicTacToeTests;
			productName = TicTacToeTests;
			productReference = 93D38CF32059E1B100B75739 /* TicTacToeTests.xctest */;
			productType = "com.apple.product-type.bundle.unit-test";
		};
/* End PBXNativeTarget section */

/* Begin PBXProject section */
		93D38CD72059E1B100B75739 /* Project object */ = {
			isa = PBXProject;
			attributes = {
				LastSwiftUpdateCheck = 0920;
				LastUpgradeCheck = 0920;
				ORGANIZATIONNAME = "Ana Nogal";
				TargetAttributes = {
					934DAF49205D60760079C284 = {
						CreatedOnToolsVersion = 9.2;
						ProvisioningStyle = Automatic;
						TestTargetID = 93D38CDE2059E1B100B75739;
					};
					93D38CDE2059E1B100B75739 = {
						CreatedOnToolsVersion = 9.2;
						ProvisioningStyle = Automatic;
					};
					93D38CF22059E1B100B75739 = {
						CreatedOnToolsVersion = 9.2;
						ProvisioningStyle = Automatic;
						TestTargetID = 93D38CDE2059E1B100B75739;
					};
				};
			};
			buildConfigurationList = 93D38CDA2059E1B100B75739 /* Build configuration list for PBXProject "TicTacToe" */;
			compatibilityVersion = "Xcode 8.0";
			developmentRegion = en;
			hasScannedForEncodings = 0;
			knownRegions = (
				en,
				Base,
			);
			mainGroup = 93D38CD62059E1B100B75739;
			productRefGroup = 93D38CE02059E1B100B75739 /* Products */;
			projectDirPath = "";
			projectRoot = "";
			targets = (
				93D38CDE2059E1B100B75739 /* TicTacToe */,
				93D38CF22059E1B100B75739 /* TicTacToeTests */,
				934DAF49205D60760079C284 /* TicTacToeUITests */,
			);
		};
/* End PBXProject section */

/* Begin PBXResourcesBuildPhase section */
		934DAF48205D60760079C284 /* Resources */ = {
			isa = PBXResourcesBuildPhase;
			buildActionMask = 2147483647;
			files = (
			);
			runOnlyForDeploymentPostprocessing = 0;
		};
		93D38CDD2059E1B100B75739 /* Resources */ = {
			isa = PBXResourcesBuildPhase;
			buildActionMask = 2147483647;
			files = (
				93D38CED2059E1B100B75739 /* LaunchScreen.storyboard in Resources */,
				93D38CEA2059E1B100B75739 /* Assets.xcassets in Resources */,
				93D38CE82059E1B100B75739 /* Main.storyboard in Resources */,
			);
			runOnlyForDeploymentPostprocessing = 0;
		};
		93D38CF12059E1B100B75739 /* Resources */ = {
			isa = PBXResourcesBuildPhase;
			buildActionMask = 2147483647;
			files = (
			);
			runOnlyForDeploymentPostprocessing = 0;
		};
/* End PBXResourcesBuildPhase section */

/* Begin PBXSourcesBuildPhase section */
		934DAF46205D60760079C284 /* Sources */ = {
			isa = PBXSourcesBuildPhase;
			buildActionMask = 2147483647;
			files = (
				934DAF4D205D60760079C284 /* TicTacToeUITests.swift in Sources */,
			);
			runOnlyForDeploymentPostprocessing = 0;
		};
		93D38CDB2059E1B100B75739 /* Sources */ = {
			isa = PBXSourcesBuildPhase;
			buildActionMask = 2147483647;
			files = (
				93D38D0D205AA52B00B75739 /* Position.swift in Sources */,
				93D38CE52059E1B100B75739 /* ViewController.swift in Sources */,
				93D38D07205AA11800B75739 /* Game.swift in Sources */,
				93D38D0F205AA6D000B75739 /* Grid.swift in Sources */,
				934DAF55205DBE0A0079C284 /* String+Extension.swift in Sources */,
				9340B636205C2A7E00785BFE /* Strike.swift in Sources */,
				93D38CE32059E1B100B75739 /* AppDelegate.swift in Sources */,
				93D38D03205A4AC600B75739 /* DesignableButton.swift in Sources */,
				938C2BF8205D276E00911CF8 /* LineView.swift in Sources */,
				93D38D09205AA20200B75739 /* Turn.swift in Sources */,
				9340B631205BF61E00785BFE /* GameStateCalculator.swift in Sources */,
			);
			runOnlyForDeploymentPostprocessing = 0;
		};
		93D38CEF2059E1B100B75739 /* Sources */ = {
			isa = PBXSourcesBuildPhase;
			buildActionMask = 2147483647;
			files = (
				93D38CF82059E1B100B75739 /* ViewControllerTests.swift in Sources */,
				9340B634205C13F300785BFE /* GridTests.swift in Sources */,
				93D38D0B205AA2AA00B75739 /* GameTests.swift in Sources */,
			);
			runOnlyForDeploymentPostprocessing = 0;
		};
/* End PBXSourcesBuildPhase section */

/* Begin PBXTargetDependency section */
		934DAF50205D60760079C284 /* PBXTargetDependency */ = {
			isa = PBXTargetDependency;
			target = 93D38CDE2059E1B100B75739 /* TicTacToe */;
			targetProxy = 934DAF4F205D60760079C284 /* PBXContainerItemProxy */;
		};
		93D38CF52059E1B100B75739 /* PBXTargetDependency */ = {
			isa = PBXTargetDependency;
			target = 93D38CDE2059E1B100B75739 /* TicTacToe */;
			targetProxy = 93D38CF42059E1B100B75739 /* PBXContainerItemProxy */;
		};
/* End PBXTargetDependency section */

/* Begin PBXVariantGroup section */
		93D38CE62059E1B100B75739 /* Main.storyboard */ = {
			isa = PBXVariantGroup;
			children = (
				93D38CE72059E1B100B75739 /* Base */,
			);
			name = Main.storyboard;
			sourceTree = "<group>";
		};
		93D38CEB2059E1B100B75739 /* LaunchScreen.storyboard */ = {
			isa = PBXVariantGroup;
			children = (
				93D38CEC2059E1B100B75739 /* Base */,
			);
			name = LaunchScreen.storyboard;
			sourceTree = "<group>";
		};
/* End PBXVariantGroup section */

/* Begin XCBuildConfiguration section */
		934DAF51205D60760079C284 /* Debug */ = {
			isa = XCBuildConfiguration;
			buildSettings = {
				CODE_SIGN_STYLE = Automatic;
				DEVELOPMENT_TEAM = 99S8ZZMSJ5;
				INFOPLIST_FILE = TicTacToeUITests/Info.plist;
				LD_RUNPATH_SEARCH_PATHS = "$(inherited) @executable_path/Frameworks @loader_path/Frameworks";
				PRODUCT_BUNDLE_IDENTIFIER = com.AnaNogal.TicTacToeUITests;
				PRODUCT_NAME = "$(TARGET_NAME)";
				SWIFT_VERSION = 4.0;
				TARGETED_DEVICE_FAMILY = "1,2";
				TEST_TARGET_NAME = TicTacToe;
			};
			name = Debug;
		};
		934DAF52205D60760079C284 /* Release */ = {
			isa = XCBuildConfiguration;
			buildSettings = {
				CODE_SIGN_STYLE = Automatic;
				DEVELOPMENT_TEAM = 99S8ZZMSJ5;
				INFOPLIST_FILE = TicTacToeUITests/Info.plist;
				LD_RUNPATH_SEARCH_PATHS = "$(inherited) @executable_path/Frameworks @loader_path/Frameworks";
				PRODUCT_BUNDLE_IDENTIFIER = com.AnaNogal.TicTacToeUITests;
				PRODUCT_NAME = "$(TARGET_NAME)";
				SWIFT_VERSION = 4.0;
				TARGETED_DEVICE_FAMILY = "1,2";
				TEST_TARGET_NAME = TicTacToe;
			};
			name = Release;
		};
		93D38CFA2059E1B100B75739 /* Debug */ = {
			isa = XCBuildConfiguration;
			buildSettings = {
				ALWAYS_SEARCH_USER_PATHS = NO;
				CLANG_ANALYZER_NONNULL = YES;
				CLANG_ANALYZER_NUMBER_OBJECT_CONVERSION = YES_AGGRESSIVE;
				CLANG_CXX_LANGUAGE_STANDARD = "gnu++14";
				CLANG_CXX_LIBRARY = "libc++";
				CLANG_ENABLE_MODULES = YES;
				CLANG_ENABLE_OBJC_ARC = YES;
				CLANG_WARN_BLOCK_CAPTURE_AUTORELEASING = YES;
				CLANG_WARN_BOOL_CONVERSION = YES;
				CLANG_WARN_COMMA = YES;
				CLANG_WARN_CONSTANT_CONVERSION = YES;
				CLANG_WARN_DIRECT_OBJC_ISA_USAGE = YES_ERROR;
				CLANG_WARN_DOCUMENTATION_COMMENTS = YES;
				CLANG_WARN_EMPTY_BODY = YES;
				CLANG_WARN_ENUM_CONVERSION = YES;
				CLANG_WARN_INFINITE_RECURSION = YES;
				CLANG_WARN_INT_CONVERSION = YES;
				CLANG_WARN_NON_LITERAL_NULL_CONVERSION = YES;
				CLANG_WARN_OBJC_LITERAL_CONVERSION = YES;
				CLANG_WARN_OBJC_ROOT_CLASS = YES_ERROR;
				CLANG_WARN_RANGE_LOOP_ANALYSIS = YES;
				CLANG_WARN_STRICT_PROTOTYPES = YES;
				CLANG_WARN_SUSPICIOUS_MOVE = YES;
				CLANG_WARN_UNGUARDED_AVAILABILITY = YES_AGGRESSIVE;
				CLANG_WARN_UNREACHABLE_CODE = YES;
				CLANG_WARN__DUPLICATE_METHOD_MATCH = YES;
				CODE_SIGN_IDENTITY = "iPhone Developer";
				COPY_PHASE_STRIP = NO;
				DEBUG_INFORMATION_FORMAT = dwarf;
				ENABLE_STRICT_OBJC_MSGSEND = YES;
				ENABLE_TESTABILITY = YES;
				GCC_C_LANGUAGE_STANDARD = gnu11;
				GCC_DYNAMIC_NO_PIC = NO;
				GCC_NO_COMMON_BLOCKS = YES;
				GCC_OPTIMIZATION_LEVEL = 0;
				GCC_PREPROCESSOR_DEFINITIONS = (
					"DEBUG=1",
					"$(inherited)",
				);
				GCC_WARN_64_TO_32_BIT_CONVERSION = YES;
				GCC_WARN_ABOUT_RETURN_TYPE = YES_ERROR;
				GCC_WARN_UNDECLARED_SELECTOR = YES;
				GCC_WARN_UNINITIALIZED_AUTOS = YES_AGGRESSIVE;
				GCC_WARN_UNUSED_FUNCTION = YES;
				GCC_WARN_UNUSED_VARIABLE = YES;
				IPHONEOS_DEPLOYMENT_TARGET = 11.2;
				MTL_ENABLE_DEBUG_INFO = YES;
				ONLY_ACTIVE_ARCH = YES;
				SDKROOT = iphoneos;
				SWIFT_ACTIVE_COMPILATION_CONDITIONS = DEBUG;
				SWIFT_OPTIMIZATION_LEVEL = "-Onone";
			};
			name = Debug;
		};
		93D38CFB2059E1B100B75739 /* Release */ = {
			isa = XCBuildConfiguration;
			buildSettings = {
				ALWAYS_SEARCH_USER_PATHS = NO;
				CLANG_ANALYZER_NONNULL = YES;
				CLANG_ANALYZER_NUMBER_OBJECT_CONVERSION = YES_AGGRESSIVE;
				CLANG_CXX_LANGUAGE_STANDARD = "gnu++14";
				CLANG_CXX_LIBRARY = "libc++";
				CLANG_ENABLE_MODULES = YES;
				CLANG_ENABLE_OBJC_ARC = YES;
				CLANG_WARN_BLOCK_CAPTURE_AUTORELEASING = YES;
				CLANG_WARN_BOOL_CONVERSION = YES;
				CLANG_WARN_COMMA = YES;
				CLANG_WARN_CONSTANT_CONVERSION = YES;
				CLANG_WARN_DIRECT_OBJC_ISA_USAGE = YES_ERROR;
				CLANG_WARN_DOCUMENTATION_COMMENTS = YES;
				CLANG_WARN_EMPTY_BODY = YES;
				CLANG_WARN_ENUM_CONVERSION = YES;
				CLANG_WARN_INFINITE_RECURSION = YES;
				CLANG_WARN_INT_CONVERSION = YES;
				CLANG_WARN_NON_LITERAL_NULL_CONVERSION = YES;
				CLANG_WARN_OBJC_LITERAL_CONVERSION = YES;
				CLANG_WARN_OBJC_ROOT_CLASS = YES_ERROR;
				CLANG_WARN_RANGE_LOOP_ANALYSIS = YES;
				CLANG_WARN_STRICT_PROTOTYPES = YES;
				CLANG_WARN_SUSPICIOUS_MOVE = YES;
				CLANG_WARN_UNGUARDED_AVAILABILITY = YES_AGGRESSIVE;
				CLANG_WARN_UNREACHABLE_CODE = YES;
				CLANG_WARN__DUPLICATE_METHOD_MATCH = YES;
				CODE_SIGN_IDENTITY = "iPhone Developer";
				COPY_PHASE_STRIP = NO;
				DEBUG_INFORMATION_FORMAT = "dwarf-with-dsym";
				ENABLE_NS_ASSERTIONS = NO;
				ENABLE_STRICT_OBJC_MSGSEND = YES;
				GCC_C_LANGUAGE_STANDARD = gnu11;
				GCC_NO_COMMON_BLOCKS = YES;
				GCC_WARN_64_TO_32_BIT_CONVERSION = YES;
				GCC_WARN_ABOUT_RETURN_TYPE = YES_ERROR;
				GCC_WARN_UNDECLARED_SELECTOR = YES;
				GCC_WARN_UNINITIALIZED_AUTOS = YES_AGGRESSIVE;
				GCC_WARN_UNUSED_FUNCTION = YES;
				GCC_WARN_UNUSED_VARIABLE = YES;
				IPHONEOS_DEPLOYMENT_TARGET = 11.2;
				MTL_ENABLE_DEBUG_INFO = NO;
				SDKROOT = iphoneos;
				SWIFT_OPTIMIZATION_LEVEL = "-Owholemodule";
				VALIDATE_PRODUCT = YES;
			};
			name = Release;
		};
		93D38CFD2059E1B100B75739 /* Debug */ = {
			isa = XCBuildConfiguration;
			buildSettings = {
				ASSETCATALOG_COMPILER_APPICON_NAME = AppIcon;
				CODE_SIGN_STYLE = Automatic;
				DEVELOPMENT_TEAM = 99S8ZZMSJ5;
				INFOPLIST_FILE = TicTacToe/Info.plist;
				LD_RUNPATH_SEARCH_PATHS = "$(inherited) @executable_path/Frameworks";
				PRODUCT_BUNDLE_IDENTIFIER = com.AnaNogal.TicTacToe;
				PRODUCT_NAME = "$(TARGET_NAME)";
				SWIFT_VERSION = 4.0;
				TARGETED_DEVICE_FAMILY = "1,2";
			};
			name = Debug;
		};
		93D38CFE2059E1B100B75739 /* Release */ = {
			isa = XCBuildConfiguration;
			buildSettings = {
				ASSETCATALOG_COMPILER_APPICON_NAME = AppIcon;
				CODE_SIGN_STYLE = Automatic;
				DEVELOPMENT_TEAM = 99S8ZZMSJ5;
				INFOPLIST_FILE = TicTacToe/Info.plist;
				LD_RUNPATH_SEARCH_PATHS = "$(inherited) @executable_path/Frameworks";
				PRODUCT_BUNDLE_IDENTIFIER = com.AnaNogal.TicTacToe;
				PRODUCT_NAME = "$(TARGET_NAME)";
				SWIFT_VERSION = 4.0;
				TARGETED_DEVICE_FAMILY = "1,2";
			};
			name = Release;
		};
		93D38D002059E1B100B75739 /* Debug */ = {
			isa = XCBuildConfiguration;
			buildSettings = {
				ALWAYS_EMBED_SWIFT_STANDARD_LIBRARIES = YES;
				BUNDLE_LOADER = "$(TEST_HOST)";
				CODE_SIGN_STYLE = Automatic;
				DEVELOPMENT_TEAM = 99S8ZZMSJ5;
				INFOPLIST_FILE = TicTacToeTests/Info.plist;
				LD_RUNPATH_SEARCH_PATHS = "$(inherited) @executable_path/Frameworks @loader_path/Frameworks";
				PRODUCT_BUNDLE_IDENTIFIER = com.AnaNogal.TicTacToeTests;
				PRODUCT_NAME = "$(TARGET_NAME)";
				SWIFT_VERSION = 4.0;
				TARGETED_DEVICE_FAMILY = "1,2";
				TEST_HOST = "$(BUILT_PRODUCTS_DIR)/TicTacToe.app/TicTacToe";
			};
			name = Debug;
		};
		93D38D012059E1B100B75739 /* Release */ = {
			isa = XCBuildConfiguration;
			buildSettings = {
				ALWAYS_EMBED_SWIFT_STANDARD_LIBRARIES = YES;
				BUNDLE_LOADER = "$(TEST_HOST)";
				CODE_SIGN_STYLE = Automatic;
				DEVELOPMENT_TEAM = 99S8ZZMSJ5;
				INFOPLIST_FILE = TicTacToeTests/Info.plist;
				LD_RUNPATH_SEARCH_PATHS = "$(inherited) @executable_path/Frameworks @loader_path/Frameworks";
				PRODUCT_BUNDLE_IDENTIFIER = com.AnaNogal.TicTacToeTests;
				PRODUCT_NAME = "$(TARGET_NAME)";
				SWIFT_VERSION = 4.0;
				TARGETED_DEVICE_FAMILY = "1,2";
				TEST_HOST = "$(BUILT_PRODUCTS_DIR)/TicTacToe.app/TicTacToe";
			};
			name = Release;
		};
/* End XCBuildConfiguration section */

/* Begin XCConfigurationList section */
		934DAF53205D60760079C284 /* Build configuration list for PBXNativeTarget "TicTacToeUITests" */ = {
			isa = XCConfigurationList;
			buildConfigurations = (
				934DAF51205D60760079C284 /* Debug */,
				934DAF52205D60760079C284 /* Release */,
			);
			defaultConfigurationIsVisible = 0;
			defaultConfigurationName = Release;
		};
		93D38CDA2059E1B100B75739 /* Build configuration list for PBXProject "TicTacToe" */ = {
			isa = XCConfigurationList;
			buildConfigurations = (
				93D38CFA2059E1B100B75739 /* Debug */,
				93D38CFB2059E1B100B75739 /* Release */,
			);
			defaultConfigurationIsVisible = 0;
			defaultConfigurationName = Release;
		};
		93D38CFC2059E1B100B75739 /* Build configuration list for PBXNativeTarget "TicTacToe" */ = {
			isa = XCConfigurationList;
			buildConfigurations = (
				93D38CFD2059E1B100B75739 /* Debug */,
				93D38CFE2059E1B100B75739 /* Release */,
			);
			defaultConfigurationIsVisible = 0;
			defaultConfigurationName = Release;
		};
		93D38CFF2059E1B100B75739 /* Build configuration list for PBXNativeTarget "TicTacToeTests" */ = {
			isa = XCConfigurationList;
			buildConfigurations = (
				93D38D002059E1B100B75739 /* Debug */,
				93D38D012059E1B100B75739 /* Release */,
			);
			defaultConfigurationIsVisible = 0;
			defaultConfigurationName = Release;
		};
/* End XCConfigurationList section */
	};
	rootObject = 93D38CD72059E1B100B75739 /* Project object */;
}
